
Microsoft Visual Studio Solution File, Format Version 12.00
# Visual Studio Version 17
VisualStudioVersion = 17.7.34031.279
MinimumVisualStudioVersion = 10.0.40219.1
Project("{FAE04EC0-301F-11D3-BF4B-00C04F79EFBC}") = "BookStoreAppApI", "BookStoreAppApI\BookStoreAppApI.csproj", "{EFC0F404-B145-41D1-990A-15164252CC2D}"
EndProject
Global
	GlobalSection(SolutionConfigurationPlatforms) = preSolution
		Debug|Any CPU = Debug|Any CPU
		Release|Any CPU = Release|Any CPU
	EndGlobalSection
	GlobalSection(ProjectConfigurationPlatforms) = postSolution
		{EFC0F404-B145-41D1-990A-15164252CC2D}.Debug|Any CPU.ActiveCfg = Debug|Any CPU
		{EFC0F404-B145-41D1-990A-15164252CC2D}.Debug|Any CPU.Build.0 = Debug|Any CPU
		{EFC0F404-B145-41D1-990A-15164252CC2D}.Release|Any CPU.ActiveCfg = Release|Any CPU
		{EFC0F404-B145-41D1-990A-15164252CC2D}.Release|Any CPU.Build.0 = Release|Any CPU
	EndGlobalSection
	GlobalSection(SolutionProperties) = preSolution
		HideSolutionNode = FALSE
	EndGlobalSection
	GlobalSection(ExtensibilityGlobals) = postSolution
		SolutionGuid = {D4B86B22-013C-433F-BF66-D8AFB3F2B646}
	EndGlobalSection
EndGlobal
